
Microsoft Visual Studio Solution File, Format Version 12.00
# Visual Studio Version 16
VisualStudioVersion = 16.0.31205.134
MinimumVisualStudioVersion = 10.0.40219.1
Project("{FAE04EC0-301F-11D3-BF4B-00C04F79EFBC}") = "WvPlayer-android", "WvPlayer-android\WvPlayer-android.csproj", "{DFA69CD2-5675-4966-8C38-97A6C5588760}"
EndProject
Global
	GlobalSection(SolutionConfigurationPlatforms) = preSolution
		Debug|Any CPU = Debug|Any CPU
		Release|Any CPU = Release|Any CPU
	EndGlobalSection
	GlobalSection(ProjectConfigurationPlatforms) = postSolution
		{DFA69CD2-5675-4966-8C38-97A6C5588760}.Debug|Any CPU.ActiveCfg = Debug|Any CPU
		{DFA69CD2-5675-4966-8C38-97A6C5588760}.Debug|Any CPU.Build.0 = Debug|Any CPU
		{DFA69CD2-5675-4966-8C38-97A6C5588760}.Debug|Any CPU.Deploy.0 = Debug|Any CPU
		{DFA69CD2-5675-4966-8C38-97A6C5588760}.Release|Any CPU.ActiveCfg = Release|Any CPU
		{DFA69CD2-5675-4966-8C38-97A6C5588760}.Release|Any CPU.Build.0 = Release|Any CPU
		{DFA69CD2-5675-4966-8C38-97A6C5588760}.Release|Any CPU.Deploy.0 = Release|Any CPU
	EndGlobalSection
	GlobalSection(SolutionProperties) = preSolution
		HideSolutionNode = FALSE
	EndGlobalSection
	GlobalSection(ExtensibilityGlobals) = postSolution
		SolutionGuid = {AB7110C1-8718-4EAC-A181-0858E2376CB2}
	EndGlobalSection
EndGlobal
